
Microsoft Visual Studio Solution File, Format Version 12.00
# Visual Studio Version 16
VisualStudioVersion = 16.0.29519.181
MinimumVisualStudioVersion = 10.0.40219.1
Project("{9A19103F-16F7-4668-BE54-9A1E7A4F7556}") = "DataHandler", "DataHandler\DataHandler.csproj", "{EE06AAC9-13DE-4B9E-BF67-900729026164}"
EndProject
Project("{FAE04EC0-301F-11D3-BF4B-00C04F79EFBC}") = "DataHandler.Tests", "DataHandler.Tests\DataHandler.Tests.csproj", "{F987B78E-7ACE-4DCA-9321-AED8D591E21D}"
EndProject
Global
	GlobalSection(SolutionConfigurationPlatforms) = preSolution
		Debug|Any CPU = Debug|Any CPU
		Release|Any CPU = Release|Any CPU
	EndGlobalSection
	GlobalSection(ProjectConfigurationPlatforms) = postSolution
		{EE06AAC9-13DE-4B9E-BF67-900729026164}.Debug|Any CPU.ActiveCfg = Debug|Any CPU
		{EE06AAC9-13DE-4B9E-BF67-900729026164}.Debug|Any CPU.Build.0 = Debug|Any CPU
		{EE06AAC9-13DE-4B9E-BF67-900729026164}.Release|Any CPU.ActiveCfg = Release|Any CPU
		{EE06AAC9-13DE-4B9E-BF67-900729026164}.Release|Any CPU.Build.0 = Release|Any CPU
		{F987B78E-7ACE-4DCA-9321-AED8D591E21D}.Debug|Any CPU.ActiveCfg = Debug|Any CPU
		{F987B78E-7ACE-4DCA-9321-AED8D591E21D}.Debug|Any CPU.Build.0 = Debug|Any CPU
		{F987B78E-7ACE-4DCA-9321-AED8D591E21D}.Release|Any CPU.ActiveCfg = Release|Any CPU
		{F987B78E-7ACE-4DCA-9321-AED8D591E21D}.Release|Any CPU.Build.0 = Release|Any CPU
	EndGlobalSection
	GlobalSection(SolutionProperties) = preSolution
		HideSolutionNode = FALSE
	EndGlobalSection
	GlobalSection(ExtensibilityGlobals) = postSolution
		SolutionGuid = {5576673D-ECCE-4807-9D07-DCEAA2FF6E14}
	EndGlobalSection
EndGlobal
